
Microsoft Visual Studio Solution File, Format Version 12.00
# Visual Studio Version 17
VisualStudioVersion = 17.9.34701.34
MinimumVisualStudioVersion = 10.0.40219.1
Project("{888888A0-9F3D-457C-B088-3A5042F75D52}") = "MyTetris", "MyTetris.pyproj", "{1342EA37-1D37-4589-B0B7-274AD219C337}"
EndProject
Global
	GlobalSection(SolutionConfigurationPlatforms) = preSolution
		Debug|Any CPU = Debug|Any CPU
		Release|Any CPU = Release|Any CPU
	EndGlobalSection
	GlobalSection(ProjectConfigurationPlatforms) = postSolution
		{1342EA37-1D37-4589-B0B7-274AD219C337}.Debug|Any CPU.ActiveCfg = Debug|Any CPU
		{1342EA37-1D37-4589-B0B7-274AD219C337}.Release|Any CPU.ActiveCfg = Release|Any CPU
	EndGlobalSection
	GlobalSection(SolutionProperties) = preSolution
		HideSolutionNode = FALSE
	EndGlobalSection
	GlobalSection(ExtensibilityGlobals) = postSolution
		SolutionGuid = {DBF9BAB4-A60F-420F-924F-66F4C1F7E705}
	EndGlobalSection
EndGlobal
